
Microsoft Visual Studio Solution File, Format Version 12.00
# Visual Studio Version 17
VisualStudioVersion = 17.4.33213.308
MinimumVisualStudioVersion = 10.0.40219.1
Project("{FAE04EC0-301F-11D3-BF4B-00C04F79EFBC}") = "FinalExam", "FinalExam\FinalExam.csproj", "{645D5835-4881-467D-B7D4-4B3B18261153}"
EndProject
Global
	GlobalSection(SolutionConfigurationPlatforms) = preSolution
		Debug|Any CPU = Debug|Any CPU
		Release|Any CPU = Release|Any CPU
	EndGlobalSection
	GlobalSection(ProjectConfigurationPlatforms) = postSolution
		{645D5835-4881-467D-B7D4-4B3B18261153}.Debug|Any CPU.ActiveCfg = Debug|Any CPU
		{645D5835-4881-467D-B7D4-4B3B18261153}.Debug|Any CPU.Build.0 = Debug|Any CPU
		{645D5835-4881-467D-B7D4-4B3B18261153}.Release|Any CPU.ActiveCfg = Release|Any CPU
		{645D5835-4881-467D-B7D4-4B3B18261153}.Release|Any CPU.Build.0 = Release|Any CPU
	EndGlobalSection
	GlobalSection(SolutionProperties) = preSolution
		HideSolutionNode = FALSE
	EndGlobalSection
	GlobalSection(ExtensibilityGlobals) = postSolution
		SolutionGuid = {600B4DAF-A414-48FD-A4D0-A29EEE39E679}
	EndGlobalSection
EndGlobal
